
Microsoft Visual Studio Solution File, Format Version 12.00
# Visual Studio Version 16
VisualStudioVersion = 16.0.31205.134
MinimumVisualStudioVersion = 10.0.40219.1
Project("{FAE04EC0-301F-11D3-BF4B-00C04F79EFBC}") = "1.zadanie.TViMS", "1.zadanie.TViMS\1.zadanie.TViMS.csproj", "{8B1C7117-FDCE-43CB-81A3-339D60D543B2}"
EndProject
Global
	GlobalSection(SolutionConfigurationPlatforms) = preSolution
		Debug|Any CPU = Debug|Any CPU
		Release|Any CPU = Release|Any CPU
	EndGlobalSection
	GlobalSection(ProjectConfigurationPlatforms) = postSolution
		{8B1C7117-FDCE-43CB-81A3-339D60D543B2}.Debug|Any CPU.ActiveCfg = Debug|Any CPU
		{8B1C7117-FDCE-43CB-81A3-339D60D543B2}.Debug|Any CPU.Build.0 = Debug|Any CPU
		{8B1C7117-FDCE-43CB-81A3-339D60D543B2}.Release|Any CPU.ActiveCfg = Release|Any CPU
		{8B1C7117-FDCE-43CB-81A3-339D60D543B2}.Release|Any CPU.Build.0 = Release|Any CPU
	EndGlobalSection
	GlobalSection(SolutionProperties) = preSolution
		HideSolutionNode = FALSE
	EndGlobalSection
	GlobalSection(ExtensibilityGlobals) = postSolution
		SolutionGuid = {000AAA78-814A-408C-86C7-F459FCEC239B}
	EndGlobalSection
EndGlobal
